
Microsoft Visual Studio Solution File, Format Version 12.00
# Visual Studio Version 16
VisualStudioVersion = 16.0.30114.105
MinimumVisualStudioVersion = 10.0.40219.1
Project("{FAE04EC0-301F-11D3-BF4B-00C04F79EFBC}") = "R5T.D0016", "R5T.D0016\R5T.D0016.csproj", "{0CC0054C-C8CF-477F-89E1-C4F501738472}"
EndProject
Project("{FAE04EC0-301F-11D3-BF4B-00C04F79EFBC}") = "R5T.D0016.Base", "R5T.D0016.Base\R5T.D0016.Base.csproj", "{747E53C8-3071-4438-9C0B-A65D0F4D8CA4}"
EndProject
Project("{FAE04EC0-301F-11D3-BF4B-00C04F79EFBC}") = "R5T.D0016.Construction", "R5T.D0016.Construction\R5T.D0016.Construction.csproj", "{CE6D3E56-85C2-44D5-9621-22F87E83CCC3}"
EndProject
Global
	GlobalSection(SolutionConfigurationPlatforms) = preSolution
		Debug|Any CPU = Debug|Any CPU
		Debug|x64 = Debug|x64
		Debug|x86 = Debug|x86
		Release|Any CPU = Release|Any CPU
		Release|x64 = Release|x64
		Release|x86 = Release|x86
	EndGlobalSection
	GlobalSection(SolutionProperties) = preSolution
		HideSolutionNode = FALSE
	EndGlobalSection
	GlobalSection(ProjectConfigurationPlatforms) = postSolution
		{0CC0054C-C8CF-477F-89E1-C4F501738472}.Debug|Any CPU.ActiveCfg = Debug|Any CPU
		{0CC0054C-C8CF-477F-89E1-C4F501738472}.Debug|Any CPU.Build.0 = Debug|Any CPU
		{0CC0054C-C8CF-477F-89E1-C4F501738472}.Debug|x64.ActiveCfg = Debug|Any CPU
		{0CC0054C-C8CF-477F-89E1-C4F501738472}.Debug|x64.Build.0 = Debug|Any CPU
		{0CC0054C-C8CF-477F-89E1-C4F501738472}.Debug|x86.ActiveCfg = Debug|Any CPU
		{0CC0054C-C8CF-477F-89E1-C4F501738472}.Debug|x86.Build.0 = Debug|Any CPU
		{0CC0054C-C8CF-477F-89E1-C4F501738472}.Release|Any CPU.ActiveCfg = Release|Any CPU
		{0CC0054C-C8CF-477F-89E1-C4F501738472}.Release|Any CPU.Build.0 = Release|Any CPU
		{0CC0054C-C8CF-477F-89E1-C4F501738472}.Release|x64.ActiveCfg = Release|Any CPU
		{0CC0054C-C8CF-477F-89E1-C4F501738472}.Release|x64.Build.0 = Release|Any CPU
		{0CC0054C-C8CF-477F-89E1-C4F501738472}.Release|x86.ActiveCfg = Release|Any CPU
		{0CC0054C-C8CF-477F-89E1-C4F501738472}.Release|x86.Build.0 = Release|Any CPU
		{747E53C8-3071-4438-9C0B-A65D0F4D8CA4}.Debug|Any CPU.ActiveCfg = Debug|Any CPU
		{747E53C8-3071-4438-9C0B-A65D0F4D8CA4}.Debug|Any CPU.Build.0 = Debug|Any CPU
		{747E53C8-3071-4438-9C0B-A65D0F4D8CA4}.Debug|x64.ActiveCfg = Debug|Any CPU
		{747E53C8-3071-4438-9C0B-A65D0F4D8CA4}.Debug|x64.Build.0 = Debug|Any CPU
		{747E53C8-3071-4438-9C0B-A65D0F4D8CA4}.Debug|x86.ActiveCfg = Debug|Any CPU
		{747E53C8-3071-4438-9C0B-A65D0F4D8CA4}.Debug|x86.Build.0 = Debug|Any CPU
		{747E53C8-3071-4438-9C0B-A65D0F4D8CA4}.Release|Any CPU.ActiveCfg = Release|Any CPU
		{747E53C8-3071-4438-9C0B-A65D0F4D8CA4}.Release|Any CPU.Build.0 = Release|Any CPU
		{747E53C8-3071-4438-9C0B-A65D0F4D8CA4}.Release|x64.ActiveCfg = Release|Any CPU
		{747E53C8-3071-4438-9C0B-A65D0F4D8CA4}.Release|x64.Build.0 = Release|Any CPU
		{747E53C8-3071-4438-9C0B-A65D0F4D8CA4}.Release|x86.ActiveCfg = Release|Any CPU
		{747E53C8-3071-4438-9C0B-A65D0F4D8CA4}.Release|x86.Build.0 = Release|Any CPU
		{CE6D3E56-85C2-44D5-9621-22F87E83CCC3}.Debug|Any CPU.ActiveCfg = Debug|Any CPU
		{CE6D3E56-85C2-44D5-9621-22F87E83CCC3}.Debug|Any CPU.Build.0 = Debug|Any CPU
		{CE6D3E56-85C2-44D5-9621-22F87E83CCC3}.Debug|x64.ActiveCfg = Debug|Any CPU
		{CE6D3E56-85C2-44D5-9621-22F87E83CCC3}.Debug|x64.Build.0 = Debug|Any CPU
		{CE6D3E56-85C2-44D5-9621-22F87E83CCC3}.Debug|x86.ActiveCfg = Debug|Any CPU
		{CE6D3E56-85C2-44D5-9621-22F87E83CCC3}.Debug|x86.Build.0 = Debug|Any CPU
		{CE6D3E56-85C2-44D5-9621-22F87E83CCC3}.Release|Any CPU.ActiveCfg = Release|Any CPU
		{CE6D3E56-85C2-44D5-9621-22F87E83CCC3}.Release|Any CPU.Build.0 = Release|Any CPU
		{CE6D3E56-85C2-44D5-9621-22F87E83CCC3}.Release|x64.ActiveCfg = Release|Any CPU
		{CE6D3E56-85C2-44D5-9621-22F87E83CCC3}.Release|x64.Build.0 = Release|Any CPU
		{CE6D3E56-85C2-44D5-9621-22F87E83CCC3}.Release|x86.ActiveCfg = Release|Any CPU
		{CE6D3E56-85C2-44D5-9621-22F87E83CCC3}.Release|x86.Build.0 = Release|Any CPU
	EndGlobalSection
EndGlobal
